
Microsoft Visual Studio Solution File, Format Version 12.00
# Visual Studio 15
VisualStudioVersion = 15.0.28307.136
MinimumVisualStudioVersion = 10.0.40219.1
Project("{B1E792BE-AA5F-4E3C-8C82-674BF9C0715B}") = "State_Pattern", "State_Pattern\State_Pattern.tsproj", "{50C38683-E813-461F-9A2D-F9F75416F507}"
EndProject
Global
	GlobalSection(SolutionConfigurationPlatforms) = preSolution
		Debug|TwinCAT CE7 (ARMV7) = Debug|TwinCAT CE7 (ARMV7)
		Debug|TwinCAT OS (ARMT2) = Debug|TwinCAT OS (ARMT2)
		Debug|TwinCAT RT (x64) = Debug|TwinCAT RT (x64)
		Debug|TwinCAT RT (x86) = Debug|TwinCAT RT (x86)
		Release|TwinCAT CE7 (ARMV7) = Release|TwinCAT CE7 (ARMV7)
		Release|TwinCAT OS (ARMT2) = Release|TwinCAT OS (ARMT2)
		Release|TwinCAT RT (x64) = Release|TwinCAT RT (x64)
		Release|TwinCAT RT (x86) = Release|TwinCAT RT (x86)
	EndGlobalSection
	GlobalSection(ProjectConfigurationPlatforms) = postSolution
		{50C38683-E813-461F-9A2D-F9F75416F507}.Debug|TwinCAT CE7 (ARMV7).ActiveCfg = Debug|TwinCAT CE7 (ARMV7)
		{50C38683-E813-461F-9A2D-F9F75416F507}.Debug|TwinCAT CE7 (ARMV7).Build.0 = Debug|TwinCAT CE7 (ARMV7)
		{50C38683-E813-461F-9A2D-F9F75416F507}.Debug|TwinCAT OS (ARMT2).ActiveCfg = Debug|TwinCAT OS (ARMT2)
		{50C38683-E813-461F-9A2D-F9F75416F507}.Debug|TwinCAT OS (ARMT2).Build.0 = Debug|TwinCAT OS (ARMT2)
		{50C38683-E813-461F-9A2D-F9F75416F507}.Debug|TwinCAT RT (x64).ActiveCfg = Debug|TwinCAT RT (x64)
		{50C38683-E813-461F-9A2D-F9F75416F507}.Debug|TwinCAT RT (x64).Build.0 = Debug|TwinCAT RT (x64)
		{50C38683-E813-461F-9A2D-F9F75416F507}.Debug|TwinCAT RT (x86).ActiveCfg = Debug|TwinCAT RT (x86)
		{50C38683-E813-461F-9A2D-F9F75416F507}.Debug|TwinCAT RT (x86).Build.0 = Debug|TwinCAT RT (x86)
		{50C38683-E813-461F-9A2D-F9F75416F507}.Release|TwinCAT CE7 (ARMV7).ActiveCfg = Release|TwinCAT CE7 (ARMV7)
		{50C38683-E813-461F-9A2D-F9F75416F507}.Release|TwinCAT CE7 (ARMV7).Build.0 = Release|TwinCAT CE7 (ARMV7)
		{50C38683-E813-461F-9A2D-F9F75416F507}.Release|TwinCAT OS (ARMT2).ActiveCfg = Release|TwinCAT OS (ARMT2)
		{50C38683-E813-461F-9A2D-F9F75416F507}.Release|TwinCAT OS (ARMT2).Build.0 = Release|TwinCAT OS (ARMT2)
		{50C38683-E813-461F-9A2D-F9F75416F507}.Release|TwinCAT RT (x64).ActiveCfg = Release|TwinCAT RT (x64)
		{50C38683-E813-461F-9A2D-F9F75416F507}.Release|TwinCAT RT (x64).Build.0 = Release|TwinCAT RT (x64)
		{50C38683-E813-461F-9A2D-F9F75416F507}.Release|TwinCAT RT (x86).ActiveCfg = Release|TwinCAT RT (x86)
		{50C38683-E813-461F-9A2D-F9F75416F507}.Release|TwinCAT RT (x86).Build.0 = Release|TwinCAT RT (x86)
		{216E38F8-C58D-47DF-819E-423BEC57D7A5}.Debug|TwinCAT CE7 (ARMV7).ActiveCfg = Debug|TwinCAT CE7 (ARMV7)
		{216E38F8-C58D-47DF-819E-423BEC57D7A5}.Debug|TwinCAT CE7 (ARMV7).Build.0 = Debug|TwinCAT CE7 (ARMV7)
		{216E38F8-C58D-47DF-819E-423BEC57D7A5}.Debug|TwinCAT OS (ARMT2).ActiveCfg = Debug|TwinCAT OS (ARMT2)
		{216E38F8-C58D-47DF-819E-423BEC57D7A5}.Debug|TwinCAT OS (ARMT2).Build.0 = Debug|TwinCAT OS (ARMT2)
		{216E38F8-C58D-47DF-819E-423BEC57D7A5}.Debug|TwinCAT RT (x64).ActiveCfg = Debug|TwinCAT RT (x64)
		{216E38F8-C58D-47DF-819E-423BEC57D7A5}.Debug|TwinCAT RT (x64).Build.0 = Debug|TwinCAT RT (x64)
		{216E38F8-C58D-47DF-819E-423BEC57D7A5}.Debug|TwinCAT RT (x86).ActiveCfg = Debug|TwinCAT RT (x86)
		{216E38F8-C58D-47DF-819E-423BEC57D7A5}.Debug|TwinCAT RT (x86).Build.0 = Debug|TwinCAT RT (x86)
		{216E38F8-C58D-47DF-819E-423BEC57D7A5}.Release|TwinCAT CE7 (ARMV7).ActiveCfg = Release|TwinCAT CE7 (ARMV7)
		{216E38F8-C58D-47DF-819E-423BEC57D7A5}.Release|TwinCAT CE7 (ARMV7).Build.0 = Release|TwinCAT CE7 (ARMV7)
		{216E38F8-C58D-47DF-819E-423BEC57D7A5}.Release|TwinCAT OS (ARMT2).ActiveCfg = Release|TwinCAT OS (ARMT2)
		{216E38F8-C58D-47DF-819E-423BEC57D7A5}.Release|TwinCAT OS (ARMT2).Build.0 = Release|TwinCAT OS (ARMT2)
		{216E38F8-C58D-47DF-819E-423BEC57D7A5}.Release|TwinCAT RT (x64).ActiveCfg = Release|TwinCAT RT (x64)
		{216E38F8-C58D-47DF-819E-423BEC57D7A5}.Release|TwinCAT RT (x64).Build.0 = Release|TwinCAT RT (x64)
		{216E38F8-C58D-47DF-819E-423BEC57D7A5}.Release|TwinCAT RT (x86).ActiveCfg = Release|TwinCAT RT (x86)
		{216E38F8-C58D-47DF-819E-423BEC57D7A5}.Release|TwinCAT RT (x86).Build.0 = Release|TwinCAT RT (x86)
	EndGlobalSection
	GlobalSection(SolutionProperties) = preSolution
		HideSolutionNode = FALSE
	EndGlobalSection
	GlobalSection(ExtensibilityGlobals) = postSolution
		SolutionGuid = {D014D8E2-5FAC-4FF9-A2DE-6CC6385563A9}
	EndGlobalSection
EndGlobal
