
Microsoft Visual Studio Solution File, Format Version 12.00
# TcXaeShell Solution File, Format Version 11.00
VisualStudioVersion = 15.0.33403.129
MinimumVisualStudioVersion = 10.0.40219.1
Project("{B1E792BE-AA5F-4E3C-8C82-674BF9C0715B}") = "Builder1", "Builder1\Builder1.tsproj", "{4C8D842E-382C-4D94-AF44-4912EFC998BA}"
EndProject
Global
	GlobalSection(SolutionConfigurationPlatforms) = preSolution
		Debug|TwinCAT CE7 (ARMV7) = Debug|TwinCAT CE7 (ARMV7)
		Debug|TwinCAT OS (ARMT2) = Debug|TwinCAT OS (ARMT2)
		Debug|TwinCAT RT (x64) = Debug|TwinCAT RT (x64)
		Debug|TwinCAT RT (x86) = Debug|TwinCAT RT (x86)
		Release|TwinCAT CE7 (ARMV7) = Release|TwinCAT CE7 (ARMV7)
		Release|TwinCAT OS (ARMT2) = Release|TwinCAT OS (ARMT2)
		Release|TwinCAT RT (x64) = Release|TwinCAT RT (x64)
		Release|TwinCAT RT (x86) = Release|TwinCAT RT (x86)
	EndGlobalSection
	GlobalSection(ProjectConfigurationPlatforms) = postSolution
		{4C8D842E-382C-4D94-AF44-4912EFC998BA}.Debug|TwinCAT CE7 (ARMV7).ActiveCfg = Debug|TwinCAT CE7 (ARMV7)
		{4C8D842E-382C-4D94-AF44-4912EFC998BA}.Debug|TwinCAT CE7 (ARMV7).Build.0 = Debug|TwinCAT CE7 (ARMV7)
		{4C8D842E-382C-4D94-AF44-4912EFC998BA}.Debug|TwinCAT OS (ARMT2).ActiveCfg = Debug|TwinCAT OS (ARMT2)
		{4C8D842E-382C-4D94-AF44-4912EFC998BA}.Debug|TwinCAT OS (ARMT2).Build.0 = Debug|TwinCAT OS (ARMT2)
		{4C8D842E-382C-4D94-AF44-4912EFC998BA}.Debug|TwinCAT RT (x64).ActiveCfg = Debug|TwinCAT RT (x64)
		{4C8D842E-382C-4D94-AF44-4912EFC998BA}.Debug|TwinCAT RT (x64).Build.0 = Debug|TwinCAT RT (x64)
		{4C8D842E-382C-4D94-AF44-4912EFC998BA}.Debug|TwinCAT RT (x86).ActiveCfg = Debug|TwinCAT RT (x86)
		{4C8D842E-382C-4D94-AF44-4912EFC998BA}.Debug|TwinCAT RT (x86).Build.0 = Debug|TwinCAT RT (x86)
		{4C8D842E-382C-4D94-AF44-4912EFC998BA}.Release|TwinCAT CE7 (ARMV7).ActiveCfg = Release|TwinCAT CE7 (ARMV7)
		{4C8D842E-382C-4D94-AF44-4912EFC998BA}.Release|TwinCAT CE7 (ARMV7).Build.0 = Release|TwinCAT CE7 (ARMV7)
		{4C8D842E-382C-4D94-AF44-4912EFC998BA}.Release|TwinCAT OS (ARMT2).ActiveCfg = Release|TwinCAT OS (ARMT2)
		{4C8D842E-382C-4D94-AF44-4912EFC998BA}.Release|TwinCAT OS (ARMT2).Build.0 = Release|TwinCAT OS (ARMT2)
		{4C8D842E-382C-4D94-AF44-4912EFC998BA}.Release|TwinCAT RT (x64).ActiveCfg = Release|TwinCAT RT (x64)
		{4C8D842E-382C-4D94-AF44-4912EFC998BA}.Release|TwinCAT RT (x64).Build.0 = Release|TwinCAT RT (x64)
		{4C8D842E-382C-4D94-AF44-4912EFC998BA}.Release|TwinCAT RT (x86).ActiveCfg = Release|TwinCAT RT (x86)
		{4C8D842E-382C-4D94-AF44-4912EFC998BA}.Release|TwinCAT RT (x86).Build.0 = Release|TwinCAT RT (x86)
		{31578B3B-8D10-4FDE-80ED-A344E0826C3B}.Debug|TwinCAT CE7 (ARMV7).ActiveCfg = Debug|TwinCAT CE7 (ARMV7)
		{31578B3B-8D10-4FDE-80ED-A344E0826C3B}.Debug|TwinCAT CE7 (ARMV7).Build.0 = Debug|TwinCAT CE7 (ARMV7)
		{31578B3B-8D10-4FDE-80ED-A344E0826C3B}.Debug|TwinCAT OS (ARMT2).ActiveCfg = Debug|TwinCAT OS (ARMT2)
		{31578B3B-8D10-4FDE-80ED-A344E0826C3B}.Debug|TwinCAT OS (ARMT2).Build.0 = Debug|TwinCAT OS (ARMT2)
		{31578B3B-8D10-4FDE-80ED-A344E0826C3B}.Debug|TwinCAT RT (x64).ActiveCfg = Debug|TwinCAT RT (x64)
		{31578B3B-8D10-4FDE-80ED-A344E0826C3B}.Debug|TwinCAT RT (x64).Build.0 = Debug|TwinCAT RT (x64)
		{31578B3B-8D10-4FDE-80ED-A344E0826C3B}.Debug|TwinCAT RT (x86).ActiveCfg = Debug|TwinCAT RT (x86)
		{31578B3B-8D10-4FDE-80ED-A344E0826C3B}.Debug|TwinCAT RT (x86).Build.0 = Debug|TwinCAT RT (x86)
		{31578B3B-8D10-4FDE-80ED-A344E0826C3B}.Release|TwinCAT CE7 (ARMV7).ActiveCfg = Release|TwinCAT CE7 (ARMV7)
		{31578B3B-8D10-4FDE-80ED-A344E0826C3B}.Release|TwinCAT CE7 (ARMV7).Build.0 = Release|TwinCAT CE7 (ARMV7)
		{31578B3B-8D10-4FDE-80ED-A344E0826C3B}.Release|TwinCAT OS (ARMT2).ActiveCfg = Release|TwinCAT OS (ARMT2)
		{31578B3B-8D10-4FDE-80ED-A344E0826C3B}.Release|TwinCAT OS (ARMT2).Build.0 = Release|TwinCAT OS (ARMT2)
		{31578B3B-8D10-4FDE-80ED-A344E0826C3B}.Release|TwinCAT RT (x64).ActiveCfg = Release|TwinCAT RT (x64)
		{31578B3B-8D10-4FDE-80ED-A344E0826C3B}.Release|TwinCAT RT (x64).Build.0 = Release|TwinCAT RT (x64)
		{31578B3B-8D10-4FDE-80ED-A344E0826C3B}.Release|TwinCAT RT (x86).ActiveCfg = Release|TwinCAT RT (x86)
		{31578B3B-8D10-4FDE-80ED-A344E0826C3B}.Release|TwinCAT RT (x86).Build.0 = Release|TwinCAT RT (x86)
	EndGlobalSection
	GlobalSection(SolutionProperties) = preSolution
		HideSolutionNode = FALSE
	EndGlobalSection
	GlobalSection(ExtensibilityGlobals) = postSolution
		SolutionGuid = {7E905EDD-E93E-481D-95E7-392F33ADA010}
	EndGlobalSection
EndGlobal
